{
  "version": "2",
  "remote": {
    "https://deno.land/std@0.172.0/fmt/colors.ts": "938c5d44d889fb82eff6c358bea8baa7e85950a16c9f6dae3ec3a7a729164471",
    "https://deno.land/std@0.172.0/testing/_diff.ts": "1a3c044aedf77647d6cac86b798c6417603361b66b54c53331b312caeb447aea",
    "https://deno.land/std@0.172.0/testing/_format.ts": "a69126e8a469009adf4cf2a50af889aca364c349797e63174884a52ff75cf4c7",
    "https://deno.land/std@0.172.0/testing/asserts.ts": "984ab0bfb3faeed92ffaa3a6b06536c66811185328c5dd146257c702c41b01ab",
    "https://deno.land/x/base64@v0.2.1/base.ts": "47dc8d68f07dc91524bdd6db36eccbe59cf4d935b5fc09f27357a3944bb3ff7b",
    "https://deno.land/x/base64@v0.2.1/base64url.ts": "18bbf879b31f1f32cca8adaa2b6885ae325c2cec6a66c5817b684ca12c46ad5e",
    "https://deno.land/x/sha1@v1.0.3/deps.ts": "2e1af51a48c8507017fdb057b950366601b177fb7e73d5de54c1b3e0e115d72e",
    "https://deno.land/x/sha1@v1.0.3/mod.ts": "146a101c9776cc9c807053c93f23e4b321ade5251f65745df418f4a75d5fd27b",
    "https://denopkg.com/chiefbiiko/std-encoding@v1.0.0/mod.ts": "4a927e5cd1d9b080d72881eb285b3b94edb6dadc1828aeb194117645f4481ac0",
    "https://esm.sh/pluralize@8.0.0": "d14ab6a25ff7583095781f95db52943c6e27c996e609e040dd81bb370802c446",
    "https://esm.sh/v102/pluralize@8.0.0/deno/pluralize.js": "6e8ccc2657ee3b6097781cd7f5a6737c58ae6795ab2c31d741b905811360ead4"
  }
}
